
Microsoft Visual Studio Solution File, Format Version 12.00
# Visual Studio Version 17
VisualStudioVersion = 17.9.34622.214
MinimumVisualStudioVersion = 10.0.40219.1
Project("{FAE04EC0-301F-11D3-BF4B-00C04F79EFBC}") = "equ2-tA", "equ2-tA\equ2-tA.csproj", "{36D920CA-A977-43EF-95EE-04ED368D64AF}"
EndProject
Global
	GlobalSection(SolutionConfigurationPlatforms) = preSolution
		Debug|Any CPU = Debug|Any CPU
		Release|Any CPU = Release|Any CPU
	EndGlobalSection
	GlobalSection(ProjectConfigurationPlatforms) = postSolution
		{36D920CA-A977-43EF-95EE-04ED368D64AF}.Debug|Any CPU.ActiveCfg = Debug|Any CPU
		{36D920CA-A977-43EF-95EE-04ED368D64AF}.Debug|Any CPU.Build.0 = Debug|Any CPU
		{36D920CA-A977-43EF-95EE-04ED368D64AF}.Release|Any CPU.ActiveCfg = Release|Any CPU
		{36D920CA-A977-43EF-95EE-04ED368D64AF}.Release|Any CPU.Build.0 = Release|Any CPU
	EndGlobalSection
	GlobalSection(SolutionProperties) = preSolution
		HideSolutionNode = FALSE
	EndGlobalSection
	GlobalSection(ExtensibilityGlobals) = postSolution
		SolutionGuid = {50F1B93D-D189-4BAB-B5DB-46AE35EBE688}
	EndGlobalSection
EndGlobal
